<Solution>
  <Folder Name="/samples/">
    <Project Path="samples/DigitalIdSample/DigitalIdSample.csproj" />
  </Folder>
  <Folder Name="/src/">
    <Project Path="src/DigitalId.Net.csproj" />
  </Folder>
  <Folder Name="/tests/">
    <Project Path="tests/DigitalId.Net.Tests.csproj" />
  </Folder>
</Solution>
